
Microsoft Visual Studio Solution File, Format Version 12.00
# Visual Studio Version 17
VisualStudioVersion = 17.11.35219.272
MinimumVisualStudioVersion = 10.0.40219.1
Project("{FAE04EC0-301F-11D3-BF4B-00C04F79EFBC}") = "AspRestApiTest", "AspRestApiTest\AspRestApiTest.csproj", "{7A63FE83-5938-46D0-A763-3CDB6B64235D}"
EndProject
Global
	GlobalSection(SolutionConfigurationPlatforms) = preSolution
		Debug|Any CPU = Debug|Any CPU
		Release|Any CPU = Release|Any CPU
	EndGlobalSection
	GlobalSection(ProjectConfigurationPlatforms) = postSolution
		{7A63FE83-5938-46D0-A763-3CDB6B64235D}.Debug|Any CPU.ActiveCfg = Debug|Any CPU
		{7A63FE83-5938-46D0-A763-3CDB6B64235D}.Debug|Any CPU.Build.0 = Debug|Any CPU
		{7A63FE83-5938-46D0-A763-3CDB6B64235D}.Release|Any CPU.ActiveCfg = Release|Any CPU
		{7A63FE83-5938-46D0-A763-3CDB6B64235D}.Release|Any CPU.Build.0 = Release|Any CPU
	EndGlobalSection
	GlobalSection(SolutionProperties) = preSolution
		HideSolutionNode = FALSE
	EndGlobalSection
	GlobalSection(ExtensibilityGlobals) = postSolution
		SolutionGuid = {590CFA3A-CC14-4C5B-BBBA-35A302AC8BF6}
	EndGlobalSection
EndGlobal
